
Microsoft Visual Studio Solution File, Format Version 12.00
# Visual Studio 2012
Project("{FAE04EC0-301F-11D3-BF4B-00C04F79EFBC}") = "RPCTest", "RPCTest\RPCTest.csproj", "{5624B8A5-4232-4DFC-87C7-AAFD0ABF85D8}"
EndProject
Project("{FAE04EC0-301F-11D3-BF4B-00C04F79EFBC}") = "ServicioIndicadoresEntities", "ServiciosIndicadoresEntities\ServicioIndicadoresEntities.csproj", "{BCC7AFB0-0F32-4E56-AAD3-622524822B5F}"
EndProject
Project("{FAE04EC0-301F-11D3-BF4B-00C04F79EFBC}") = "ServicioIndicadoresDTO", "ServicioIndicadoresDTO\ServicioIndicadoresDTO.csproj", "{7B5AE3EC-7A4E-419D-BAF2-EFBB8214B4FD}"
EndProject
Project("{FAE04EC0-301F-11D3-BF4B-00C04F79EFBC}") = "ServicioIndicadoresNegocio", "ServicioIndicadoresNegocio\ServicioIndicadoresNegocio.csproj", "{D6D02D17-515A-4B88-BA74-0D679C2E1D22}"
EndProject
Global
	GlobalSection(SolutionConfigurationPlatforms) = preSolution
		Debug|Any CPU = Debug|Any CPU
		Release|Any CPU = Release|Any CPU
	EndGlobalSection
	GlobalSection(ProjectConfigurationPlatforms) = postSolution
		{5624B8A5-4232-4DFC-87C7-AAFD0ABF85D8}.Debug|Any CPU.ActiveCfg = Debug|Any CPU
		{5624B8A5-4232-4DFC-87C7-AAFD0ABF85D8}.Debug|Any CPU.Build.0 = Debug|Any CPU
		{5624B8A5-4232-4DFC-87C7-AAFD0ABF85D8}.Release|Any CPU.ActiveCfg = Release|Any CPU
		{5624B8A5-4232-4DFC-87C7-AAFD0ABF85D8}.Release|Any CPU.Build.0 = Release|Any CPU
		{BCC7AFB0-0F32-4E56-AAD3-622524822B5F}.Debug|Any CPU.ActiveCfg = Debug|Any CPU
		{BCC7AFB0-0F32-4E56-AAD3-622524822B5F}.Debug|Any CPU.Build.0 = Debug|Any CPU
		{BCC7AFB0-0F32-4E56-AAD3-622524822B5F}.Release|Any CPU.ActiveCfg = Release|Any CPU
		{BCC7AFB0-0F32-4E56-AAD3-622524822B5F}.Release|Any CPU.Build.0 = Release|Any CPU
		{7B5AE3EC-7A4E-419D-BAF2-EFBB8214B4FD}.Debug|Any CPU.ActiveCfg = Debug|Any CPU
		{7B5AE3EC-7A4E-419D-BAF2-EFBB8214B4FD}.Debug|Any CPU.Build.0 = Debug|Any CPU
		{7B5AE3EC-7A4E-419D-BAF2-EFBB8214B4FD}.Release|Any CPU.ActiveCfg = Release|Any CPU
		{7B5AE3EC-7A4E-419D-BAF2-EFBB8214B4FD}.Release|Any CPU.Build.0 = Release|Any CPU
		{D6D02D17-515A-4B88-BA74-0D679C2E1D22}.Debug|Any CPU.ActiveCfg = Debug|Any CPU
		{D6D02D17-515A-4B88-BA74-0D679C2E1D22}.Debug|Any CPU.Build.0 = Debug|Any CPU
		{D6D02D17-515A-4B88-BA74-0D679C2E1D22}.Release|Any CPU.ActiveCfg = Release|Any CPU
		{D6D02D17-515A-4B88-BA74-0D679C2E1D22}.Release|Any CPU.Build.0 = Release|Any CPU
	EndGlobalSection
	GlobalSection(SolutionProperties) = preSolution
		HideSolutionNode = FALSE
	EndGlobalSection
EndGlobal
